[root]
name = "angolmois"
version = "2.0.0-alpha2"
dependencies = [
 "sdl 0.3.4 (git+https://github.com/lifthrasiir/rust-sdl.git)",
 "sdl_image 0.3.4 (git+https://github.com/lifthrasiir/rust-sdl.git)",
 "sdl_mixer 0.3.4 (git+https://github.com/lifthrasiir/rust-sdl.git)",
]

[[package]]
name = "sdl"
version = "0.3.4"
source = "git+https://github.com/lifthrasiir/rust-sdl.git#b76956b16ae64c2c3df1813f98333bbc06cf6989"

[[package]]
name = "sdl_image"
version = "0.3.4"
source = "git+https://github.com/lifthrasiir/rust-sdl.git#b76956b16ae64c2c3df1813f98333bbc06cf6989"
dependencies = [
 "sdl 0.3.4 (git+https://github.com/lifthrasiir/rust-sdl.git)",
]

[[package]]
name = "sdl_mixer"
version = "0.3.4"
source = "git+https://github.com/lifthrasiir/rust-sdl.git#b76956b16ae64c2c3df1813f98333bbc06cf6989"
dependencies = [
 "sdl 0.3.4 (git+https://github.com/lifthrasiir/rust-sdl.git)",
]

